<?xml version="1.0" encoding="utf-8"?>
<Project ToolsVersion="4.0" xmlns="http://schemas.microsoft.com/developer/msbuild/2003">
  <ItemGroup>
    <ClCompile Include="EtwTraceProcessor.cpp" />
    <ClCompile Include="EtwTraceSession.cpp" />
    <ClCompile Include="Support\ErrorHandling.cpp" />
    <ClCompile Include="ADT\Guid.cpp" />
    <ClCompile Include="ADT\WaitEvent.cpp" />
    <ClCompile Include="Win32Exception.cpp" />
    <ClCompile Include="EventInfoCache.cpp" />
    <ClCompile Include="Support\SetThreadName.cpp" />
    <ClCompile Include="TraceSession.cpp" />
    <ClCompile Include="EtwMessageFormatter.cpp" />
    <ClCompile Include="EtwTraceLog.cpp" />
    <ClCompile Include="WatchDog.cpp" />
    <ClCompile Include="EtwMessageFormatterManaged.cpp" />
  </ItemGroup>
  <ItemGroup>
    <ClInclude Include="EtwTraceProcessor.h" />
    <ClInclude Include="ITraceSession.h" />
    <ClInclude Include="ADT\StringView.h" />
    <ClInclude Include="Support\CompilerConfig.h" />
    <ClInclude Include="Support\CompilerSupport.h" />
    <ClInclude Include="Support\Debug.h" />
    <ClInclude Include="Support\ByteCount.h" />
    <ClInclude Include="Support\ErrorHandling.h" />
    <ClInclude Include="ADT\ArrayRef.h" />
    <ClInclude Include="Support\CountOf.h" />
    <ClInclude Include="Support\RangeAdaptors.h" />
    <ClInclude Include="ADT\Guid.h" />
    <ClInclude Include="ADT\Handle.h" />
    <ClInclude Include="ADT\VarStructPtr.h" />
    <ClInclude Include="ADT\WaitEvent.h" />
    <ClInclude Include="Win32Exception.h" />
    <ClInclude Include="ADT\LruCache.h" />
    <ClInclude Include="ITraceProcessor.h" />
    <ClInclude Include="Support\StringFormat.h" />
    <ClInclude Include="Support\Hashing.h" />
    <ClInclude Include="EventInfoCache.h" />
    <ClInclude Include="Support\SetThreadName.h" />
    <ClInclude Include="Support\Allocator.h" />
    <ClInclude Include="EtwMessageFormatter.h" />
    <ClInclude Include="EventInfo.h" />
    <ClInclude Include="IEventSink.h" />
    <ClInclude Include="ITraceLog.h" />
    <ClInclude Include="WatchDog.h" />
  </ItemGroup>
</Project>