<?xml version="1.0" encoding="utf-8"?>
<Project ToolsVersion="4.0" xmlns="http://schemas.microsoft.com/developer/msbuild/2003">
  <ItemGroup>
    <ClCompile Include="EtwTraceProcessor.cpp" />
    <ClCompile Include="EtwTraceSession.cpp" />
    <ClCompile Include="Support\ErrorHandling.cpp" />
    <ClCompile Include="ADT\WaitEvent.cpp" />
    <ClCompile Include="Win32Exception.cpp" />
    <ClCompile Include="EventInfoCache.cpp" />
    <ClCompile Include="EtwTraceLog.cpp" />
    <ClCompile Include="TdhMessageFormatter.cpp" />
    <ClCompile Include="EventTraceKit\IMessageFormatter.h" />
    <ClCompile Include="EventTraceKit\NativeTdhFormatter.cpp" />
    <ClCompile Include="EventTraceKit\ParseTdhContext.cpp" />
    <ClCompile Include="EventTraceKit\TraceLog.cpp" />
    <ClCompile Include="EventTraceKit\WatchDog.cpp" />
    <ClCompile Include="EventTraceKit\ManifestInfo.cpp" />
    <ClCompile Include="EventTraceKit\EventSession.cpp" />
    <ClCompile Include="TraceDataContext.cpp" />
    <ClCompile Include="Support\StringConversions.cpp" />
    <ClCompile Include="Support\SetThreadDescription.cpp" />
  </ItemGroup>
  <ItemGroup>
    <ClInclude Include="EtwTraceProcessor.h" />
    <ClInclude Include="ITraceSession.h" />
    <ClInclude Include="Support\CompilerConfig.h" />
    <ClInclude Include="Support\CompilerSupport.h" />
    <ClInclude Include="Support\Debug.h" />
    <ClInclude Include="Support\ByteCount.h" />
    <ClInclude Include="Support\ErrorHandling.h" />
    <ClInclude Include="Support\CountOf.h" />
    <ClInclude Include="Support\RangeAdaptors.h" />
    <ClInclude Include="ADT\Handle.h" />
    <ClInclude Include="ADT\VarStructPtr.h" />
    <ClInclude Include="ADT\WaitEvent.h" />
    <ClInclude Include="Win32Exception.h" />
    <ClInclude Include="ADT\LruCache.h" />
    <ClInclude Include="ITraceProcessor.h" />
    <ClInclude Include="Support\StringFormat.h" />
    <ClInclude Include="Support\Hashing.h" />
    <ClInclude Include="EventInfoCache.h" />
    <ClInclude Include="Support\Allocator.h" />
    <ClInclude Include="EventInfo.h" />
    <ClInclude Include="IEventSink.h" />
    <ClInclude Include="ITraceLog.h" />
    <ClInclude Include="TdhMessageFormatter.h" />
    <ClInclude Include="EventTraceKit\Descriptors.h" />
    <ClInclude Include="EventTraceKit\TraceLog.h" />
    <ClInclude Include="EventTraceKit\ParseTdhContext.h" />
    <ClInclude Include="EventTraceKit\WatchDog.h" />
    <ClInclude Include="EventTraceKit\InteropHelper.h" />
    <ClInclude Include="ADT\SmallVector.h" />
    <ClInclude Include="Support\OSVersionInfo.h" />
    <ClInclude Include="Support\Rtl.h" />
    <ClInclude Include="TraceDataContext.h" />
    <ClInclude Include="ManualResetEventSlim.h" />
    <ClInclude Include="BinaryFind.h" />
    <ClInclude Include="Support\ThreadpoolTimer.h" />
    <ClInclude Include="Support\StringConversions.h" />
    <ClInclude Include="Support\SetThreadDescription.h" />
    <ClInclude Include="ADT\Span.h" />
    <ClInclude Include="Support\IsComplete.h" />
  </ItemGroup>
  <ItemGroup>
    <None Include="packages.config" />
  </ItemGroup>
</Project>