
Microsoft Visual Studio Solution File, Format Version 12.00
# Visual Studio 15
VisualStudioVersion = 15.0.27130.2026
MinimumVisualStudioVersion = 10.0.40219.1
Project("{8BC9CEB8-8B4A-11D0-8D11-00A0C91BC942}") = "NativeConsoleApp", "NativeConsoleApp\NativeConsoleApp.vcxproj", "{5F5DEABC-468D-4408-911F-0DAF085AF400}"
EndProject
Project("{8BC9CEB8-8B4A-11D0-8D11-00A0C91BC942}") = "NativeConsoleApp2", "NativeConsoleApp2\NativeConsoleApp2.vcxproj", "{A24117FE-BA9E-4015-A8EB-672FA317D4C2}"
EndProject
Project("{FAE04EC0-301F-11D3-BF4B-00C04F79EFBC}") = "DotNetConsoleApp", "DotNetConsoleApp\DotNetConsoleApp.csproj", "{73214D41-7030-4207-9A1C-CDF1DFB9A6DF}"
EndProject
Project("{9A19103F-16F7-4668-BE54-9A1E7A4F7556}") = "CoreConsoleApp", "CoreConsoleApp\CoreConsoleApp.csproj", "{03C57EAD-F5E5-421D-9CD8-0FBD4C587F8C}"
EndProject
Project("{8BC9CEB8-8B4A-11D0-8D11-00A0C91BC942}") = "NativeWindowsApp", "NativeWindowsApp\NativeWindowsApp.vcxproj", "{EB76F88D-5C3C-4466-99CF-38DD7A181AB4}"
EndProject
Global
	GlobalSection(SolutionConfigurationPlatforms) = preSolution
		Debug|Any CPU = Debug|Any CPU
		Debug|x64 = Debug|x64
		Debug|x86 = Debug|x86
		Release|Any CPU = Release|Any CPU
		Release|x64 = Release|x64
		Release|x86 = Release|x86
	EndGlobalSection
	GlobalSection(ProjectConfigurationPlatforms) = postSolution
		{5F5DEABC-468D-4408-911F-0DAF085AF400}.Debug|Any CPU.ActiveCfg = Debug|Win32
		{5F5DEABC-468D-4408-911F-0DAF085AF400}.Debug|Any CPU.Build.0 = Debug|Win32
		{5F5DEABC-468D-4408-911F-0DAF085AF400}.Debug|x64.ActiveCfg = Debug|x64
		{5F5DEABC-468D-4408-911F-0DAF085AF400}.Debug|x64.Build.0 = Debug|x64
		{5F5DEABC-468D-4408-911F-0DAF085AF400}.Debug|x86.ActiveCfg = Debug|Win32
		{5F5DEABC-468D-4408-911F-0DAF085AF400}.Debug|x86.Build.0 = Debug|Win32
		{5F5DEABC-468D-4408-911F-0DAF085AF400}.Release|Any CPU.ActiveCfg = Release|Win32
		{5F5DEABC-468D-4408-911F-0DAF085AF400}.Release|Any CPU.Build.0 = Release|Win32
		{5F5DEABC-468D-4408-911F-0DAF085AF400}.Release|x64.ActiveCfg = Release|x64
		{5F5DEABC-468D-4408-911F-0DAF085AF400}.Release|x64.Build.0 = Release|x64
		{5F5DEABC-468D-4408-911F-0DAF085AF400}.Release|x86.ActiveCfg = Release|Win32
		{5F5DEABC-468D-4408-911F-0DAF085AF400}.Release|x86.Build.0 = Release|Win32
		{A24117FE-BA9E-4015-A8EB-672FA317D4C2}.Debug|Any CPU.ActiveCfg = Debug|x64
		{A24117FE-BA9E-4015-A8EB-672FA317D4C2}.Debug|Any CPU.Build.0 = Debug|x64
		{A24117FE-BA9E-4015-A8EB-672FA317D4C2}.Debug|x64.ActiveCfg = Debug|x64
		{A24117FE-BA9E-4015-A8EB-672FA317D4C2}.Debug|x64.Build.0 = Debug|x64
		{A24117FE-BA9E-4015-A8EB-672FA317D4C2}.Debug|x86.ActiveCfg = Debug|Win32
		{A24117FE-BA9E-4015-A8EB-672FA317D4C2}.Debug|x86.Build.0 = Debug|Win32
		{A24117FE-BA9E-4015-A8EB-672FA317D4C2}.Release|Any CPU.ActiveCfg = Release|Win32
		{A24117FE-BA9E-4015-A8EB-672FA317D4C2}.Release|Any CPU.Build.0 = Release|Win32
		{A24117FE-BA9E-4015-A8EB-672FA317D4C2}.Release|x64.ActiveCfg = Release|x64
		{A24117FE-BA9E-4015-A8EB-672FA317D4C2}.Release|x64.Build.0 = Release|x64
		{A24117FE-BA9E-4015-A8EB-672FA317D4C2}.Release|x86.ActiveCfg = Release|Win32
		{A24117FE-BA9E-4015-A8EB-672FA317D4C2}.Release|x86.Build.0 = Release|Win32
		{73214D41-7030-4207-9A1C-CDF1DFB9A6DF}.Debug|Any CPU.ActiveCfg = Debug|Any CPU
		{73214D41-7030-4207-9A1C-CDF1DFB9A6DF}.Debug|Any CPU.Build.0 = Debug|Any CPU
		{73214D41-7030-4207-9A1C-CDF1DFB9A6DF}.Debug|x64.ActiveCfg = Debug|Any CPU
		{73214D41-7030-4207-9A1C-CDF1DFB9A6DF}.Debug|x64.Build.0 = Debug|Any CPU
		{73214D41-7030-4207-9A1C-CDF1DFB9A6DF}.Debug|x86.ActiveCfg = Debug|Any CPU
		{73214D41-7030-4207-9A1C-CDF1DFB9A6DF}.Debug|x86.Build.0 = Debug|Any CPU
		{73214D41-7030-4207-9A1C-CDF1DFB9A6DF}.Release|Any CPU.ActiveCfg = Release|Any CPU
		{73214D41-7030-4207-9A1C-CDF1DFB9A6DF}.Release|Any CPU.Build.0 = Release|Any CPU
		{73214D41-7030-4207-9A1C-CDF1DFB9A6DF}.Release|x64.ActiveCfg = Release|Any CPU
		{73214D41-7030-4207-9A1C-CDF1DFB9A6DF}.Release|x64.Build.0 = Release|Any CPU
		{73214D41-7030-4207-9A1C-CDF1DFB9A6DF}.Release|x86.ActiveCfg = Release|Any CPU
		{73214D41-7030-4207-9A1C-CDF1DFB9A6DF}.Release|x86.Build.0 = Release|Any CPU
		{03C57EAD-F5E5-421D-9CD8-0FBD4C587F8C}.Debug|Any CPU.ActiveCfg = Debug|Any CPU
		{03C57EAD-F5E5-421D-9CD8-0FBD4C587F8C}.Debug|Any CPU.Build.0 = Debug|Any CPU
		{03C57EAD-F5E5-421D-9CD8-0FBD4C587F8C}.Debug|x64.ActiveCfg = Debug|Any CPU
		{03C57EAD-F5E5-421D-9CD8-0FBD4C587F8C}.Debug|x64.Build.0 = Debug|Any CPU
		{03C57EAD-F5E5-421D-9CD8-0FBD4C587F8C}.Debug|x86.ActiveCfg = Debug|Any CPU
		{03C57EAD-F5E5-421D-9CD8-0FBD4C587F8C}.Debug|x86.Build.0 = Debug|Any CPU
		{03C57EAD-F5E5-421D-9CD8-0FBD4C587F8C}.Release|Any CPU.ActiveCfg = Release|Any CPU
		{03C57EAD-F5E5-421D-9CD8-0FBD4C587F8C}.Release|Any CPU.Build.0 = Release|Any CPU
		{03C57EAD-F5E5-421D-9CD8-0FBD4C587F8C}.Release|x64.ActiveCfg = Release|Any CPU
		{03C57EAD-F5E5-421D-9CD8-0FBD4C587F8C}.Release|x64.Build.0 = Release|Any CPU
		{03C57EAD-F5E5-421D-9CD8-0FBD4C587F8C}.Release|x86.ActiveCfg = Release|Any CPU
		{03C57EAD-F5E5-421D-9CD8-0FBD4C587F8C}.Release|x86.Build.0 = Release|Any CPU
		{EB76F88D-5C3C-4466-99CF-38DD7A181AB4}.Debug|Any CPU.ActiveCfg = Debug|Win32
		{EB76F88D-5C3C-4466-99CF-38DD7A181AB4}.Debug|Any CPU.Build.0 = Debug|Win32
		{EB76F88D-5C3C-4466-99CF-38DD7A181AB4}.Debug|x64.ActiveCfg = Debug|x64
		{EB76F88D-5C3C-4466-99CF-38DD7A181AB4}.Debug|x64.Build.0 = Debug|x64
		{EB76F88D-5C3C-4466-99CF-38DD7A181AB4}.Debug|x86.ActiveCfg = Debug|Win32
		{EB76F88D-5C3C-4466-99CF-38DD7A181AB4}.Debug|x86.Build.0 = Debug|Win32
		{EB76F88D-5C3C-4466-99CF-38DD7A181AB4}.Release|Any CPU.ActiveCfg = Release|Win32
		{EB76F88D-5C3C-4466-99CF-38DD7A181AB4}.Release|Any CPU.Build.0 = Release|Win32
		{EB76F88D-5C3C-4466-99CF-38DD7A181AB4}.Release|x64.ActiveCfg = Release|x64
		{EB76F88D-5C3C-4466-99CF-38DD7A181AB4}.Release|x64.Build.0 = Release|x64
		{EB76F88D-5C3C-4466-99CF-38DD7A181AB4}.Release|x86.ActiveCfg = Release|Win32
		{EB76F88D-5C3C-4466-99CF-38DD7A181AB4}.Release|x86.Build.0 = Release|Win32
	EndGlobalSection
	GlobalSection(SolutionProperties) = preSolution
		HideSolutionNode = FALSE
	EndGlobalSection
	GlobalSection(ExtensibilityGlobals) = postSolution
		SolutionGuid = {F3D080A2-DEFE-4DAA-A179-483CFDB407E5}
	EndGlobalSection
EndGlobal
