<?xml version="1.0" encoding="utf-8"?>
<Project ToolsVersion="4.0" xmlns="http://schemas.microsoft.com/developer/msbuild/2003">
  <ItemGroup>
    <ClCompile Include="Source\EtwTraceLog.cpp" />
    <ClCompile Include="Source\EtwTraceProcessor.cpp" />
    <ClCompile Include="Source\EtwTraceSession.cpp" />
    <ClCompile Include="Source\EventInfoCache.cpp" />
    <ClCompile Include="Source\TdhMessageFormatter.cpp" />
    <ClCompile Include="Source\TraceDataContext.cpp" />
    <ClCompile Include="Source\Support\StringConversions.cpp" />
    <ClCompile Include="Source\Support\SetThreadDescription.cpp" />
    <ClCompile Include="Source\Support\ErrorHandling.cpp" />
  </ItemGroup>
  <ItemGroup>
    <ClInclude Include="Public\etk\ADT\Handle.h" />
    <ClInclude Include="Public\etk\ADT\LruCache.h" />
    <ClInclude Include="Public\etk\ADT\SmallVector.h" />
    <ClInclude Include="Public\etk\ADT\Span.h" />
    <ClInclude Include="Public\etk\ADT\VarStructPtr.h" />
    <ClInclude Include="Public\etk\Support\Allocator.h" />
    <ClInclude Include="Public\etk\Support\ByteCount.h" />
    <ClInclude Include="Public\etk\Support\CompilerSupport.h" />
    <ClInclude Include="Public\etk\Support\Debug.h" />
    <ClInclude Include="Public\etk\Support\ErrorHandling.h" />
    <ClInclude Include="Public\etk\Support\Hashing.h" />
    <ClInclude Include="Public\etk\Support\IsComplete.h" />
    <ClInclude Include="Public\etk\Support\OSVersionInfo.h" />
    <ClInclude Include="Public\etk\Support\RangeAdaptors.h" />
    <ClInclude Include="Public\etk\Support\Rtl.h" />
    <ClInclude Include="Public\etk\Support\SetThreadDescription.h" />
    <ClInclude Include="Public\etk\Support\StringConversions.h" />
    <ClInclude Include="Public\etk\Support\StringFormat.h" />
    <ClInclude Include="Public\etk\Support\ThreadpoolTimer.h" />
    <ClInclude Include="Source\EtwTraceProcessor.h" />
    <ClInclude Include="Source\EventInfoCache.h" />
    <ClInclude Include="Source\ManualResetEventSlim.h" />
    <ClInclude Include="Source\TraceDataContext.h" />
    <ClInclude Include="Public\etk\ITraceLog.h" />
    <ClInclude Include="Public\etk\EventInfo.h" />
    <ClInclude Include="Public\etk\IEventSink.h" />
    <ClInclude Include="Public\etk\TdhMessageFormatter.h" />
    <ClInclude Include="Public\etk\ITraceProcessor.h" />
    <ClInclude Include="Public\etk\ITraceSession.h" />
    <ClInclude Include="Public\etk\Support\BinaryFind.h" />
  </ItemGroup>
  <ItemGroup>
    <None Include="packages.config" />
  </ItemGroup>
</Project>