<?xml version="1.0" encoding="utf-8"?>
<Project ToolsVersion="4.0" xmlns="http://schemas.microsoft.com/developer/msbuild/2003">
  <ItemGroup>
    <ClCompile Include="EtwTraceProcessor.cpp" />
    <ClCompile Include="EtwTraceSession.cpp" />
    <ClCompile Include="Main.cpp" />
    <ClCompile Include="TraceView.cpp" />
    <ClCompile Include="Support\ErrorHandling.cpp" />
    <ClCompile Include="ADT\Guid.cpp" />
    <ClCompile Include="ADT\WaitEvent.cpp" />
    <ClCompile Include="Win32Exception.cpp" />
  </ItemGroup>
  <ItemGroup>
    <ClInclude Include="EtwTraceProcessor.h" />
    <ClInclude Include="EtwTraceSession.h" />
    <ClInclude Include="ITraceSession.h" />
    <ClInclude Include="TraceView.h" />
    <ClInclude Include="ADT\StringView.h" />
    <ClInclude Include="Support\CompilerConfig.h" />
    <ClInclude Include="Support\CompilerSupport.h" />
    <ClInclude Include="Support\Debug.h" />
    <ClInclude Include="Support\ByteCount.h" />
    <ClInclude Include="Support\ErrorHandling.h" />
    <ClInclude Include="ADT\ArrayRef.h" />
    <ClInclude Include="Support\CountOf.h" />
    <ClInclude Include="Support\RangeAdaptors.h" />
    <ClInclude Include="ADT\Guid.h" />
    <ClInclude Include="ADT\Handle.h" />
    <ClInclude Include="ADT\VarStructPtr.h" />
    <ClInclude Include="ADT\WaitEvent.h" />
    <ClInclude Include="Win32Exception.h" />
  </ItemGroup>
</Project>