
Microsoft Visual Studio Solution File, Format Version 12.00
# Visual Studio 15
VisualStudioVersion = 15.0.27130.2036
MinimumVisualStudioVersion = 10.0.40219.1
Project("{FAE04EC0-301F-11D3-BF4B-00C04F79EFBC}") = "EventManifestFramework", "EventManifestFramework\EventManifestFramework.csproj", "{7595AD97-5122-4569-A087-910FBBCB2DDC}"
EndProject
Project("{FAE04EC0-301F-11D3-BF4B-00C04F79EFBC}") = "EventManifestFramework.Tests", "EventManifestFramework.Tests\EventManifestFramework.Tests.csproj", "{651B62CE-226C-440A-857F-EECE4D2C6E09}"
EndProject
Project("{FAE04EC0-301F-11D3-BF4B-00C04F79EFBC}") = "EventManifestCompiler", "EventManifestCompiler\EventManifestCompiler.csproj", "{F8EF0352-C0F0-4DA0-9A81-83BC2EFD1EF5}"
EndProject
Project("{FAE04EC0-301F-11D3-BF4B-00C04F79EFBC}") = "EventManifestCompiler.Build.Tasks", "EventManifestCompiler.Build.Tasks\EventManifestCompiler.Build.Tasks.csproj", "{E4279B17-44CD-4DAF-9BD1-8CE09FEC908F}"
EndProject
Project("{FAE04EC0-301F-11D3-BF4B-00C04F79EFBC}") = "EventManifestCompiler.Tests", "EventManifestCompiler.Tests\EventManifestCompiler.Tests.csproj", "{A2DF0A84-0825-4521-BA83-D14F1A22633C}"
EndProject
Project("{8BC9CEB8-8B4A-11D0-8D11-00A0C91BC942}") = "EventTraceKit.Logger", "EventTraceKit.Logger\EventTraceKit.Logger.vcxproj", "{3EDE8E61-F8E3-4645-A940-337F91A9DF65}"
EndProject
Project("{8BC9CEB8-8B4A-11D0-8D11-00A0C91BC942}") = "EventTraceKit.Logger.WatchDog", "EventTraceKit.Logger.WatchDog\EventTraceKit.Logger.WatchDog.vcxproj", "{32C0585A-5DB9-457C-9E69-1621BC3547A5}"
EndProject
Project("{FAE04EC0-301F-11D3-BF4B-00C04F79EFBC}") = "EventTraceKit.VsExtension", "EventTraceKit.VsExtension\EventTraceKit.VsExtension.csproj", "{6D3D2D02-2D86-4FBF-9CC6-A0D7D37D5BA1}"
	ProjectSection(ProjectDependencies) = postProject
		{F82B8B4A-F941-4817-BB2B-030FDF3F1775} = {F82B8B4A-F941-4817-BB2B-030FDF3F1775}
		{2C0F05B7-3438-437C-918F-2671287E3BAC} = {2C0F05B7-3438-437C-918F-2671287E3BAC}
	EndProjectSection
EndProject
Project("{FAE04EC0-301F-11D3-BF4B-00C04F79EFBC}") = "EventTraceKit.VsExtension.Tests", "EventTraceKit.VsExtension.Tests\EventTraceKit.VsExtension.Tests.csproj", "{3C8E5DBE-F7FA-45A7-B235-58F9BEF33261}"
EndProject
Project("{FAE04EC0-301F-11D3-BF4B-00C04F79EFBC}") = "EventTraceKit.VsExtension.UITests", "EventTraceKit.VsExtension.UITests\EventTraceKit.VsExtension.UITests.csproj", "{7C4BF868-4B9D-4ECA-BACB-685654BF3DD1}"
EndProject
Project("{8BC9CEB8-8B4A-11D0-8D11-00A0C91BC942}") = "TraceLaunch.x86", "TraceLaunch.x86\TraceLaunch.x86.vcxproj", "{2C0F05B7-3438-437C-918F-2671287E3BAC}"
EndProject
Project("{8BC9CEB8-8B4A-11D0-8D11-00A0C91BC942}") = "TraceLaunch.x64", "TraceLaunch.x64\TraceLaunch.x64.vcxproj", "{F82B8B4A-F941-4817-BB2B-030FDF3F1775}"
EndProject
Project("{FAE04EC0-301F-11D3-BF4B-00C04F79EFBC}") = "TraceLaunchTester", "TraceLaunchTester\TraceLaunchTester.csproj", "{9E97397B-7D7A-4D61-96A5-DD561392642E}"
EndProject
Project("{FAE04EC0-301F-11D3-BF4B-00C04F79EFBC}") = "PerfRunner", "PerfRunner\PerfRunner.csproj", "{13031697-54EA-4F2C-89DB-F1A314976839}"
EndProject
Project("{8BC9CEB8-8B4A-11D0-8D11-00A0C91BC942}") = "EventTraceKit.Logger.Tests", "EventTraceKit.Logger.Tests\EventTraceKit.Logger.Tests.vcxproj", "{837E39A8-4379-4DEB-9889-7369EA7771BB}"
EndProject
Global
	GlobalSection(SolutionConfigurationPlatforms) = preSolution
		Debug|x64 = Debug|x64
		Debug|x86 = Debug|x86
		Release|x64 = Release|x64
		Release|x86 = Release|x86
	EndGlobalSection
	GlobalSection(ProjectConfigurationPlatforms) = postSolution
		{7595AD97-5122-4569-A087-910FBBCB2DDC}.Debug|x64.ActiveCfg = Debug|x64
		{7595AD97-5122-4569-A087-910FBBCB2DDC}.Debug|x64.Build.0 = Debug|x64
		{7595AD97-5122-4569-A087-910FBBCB2DDC}.Debug|x86.ActiveCfg = Debug|Any CPU
		{7595AD97-5122-4569-A087-910FBBCB2DDC}.Debug|x86.Build.0 = Debug|Any CPU
		{7595AD97-5122-4569-A087-910FBBCB2DDC}.Release|x64.ActiveCfg = Release|x64
		{7595AD97-5122-4569-A087-910FBBCB2DDC}.Release|x64.Build.0 = Release|x64
		{7595AD97-5122-4569-A087-910FBBCB2DDC}.Release|x86.ActiveCfg = Release|Any CPU
		{7595AD97-5122-4569-A087-910FBBCB2DDC}.Release|x86.Build.0 = Release|Any CPU
		{651B62CE-226C-440A-857F-EECE4D2C6E09}.Debug|x64.ActiveCfg = Debug|x64
		{651B62CE-226C-440A-857F-EECE4D2C6E09}.Debug|x64.Build.0 = Debug|x64
		{651B62CE-226C-440A-857F-EECE4D2C6E09}.Debug|x86.ActiveCfg = Debug|Any CPU
		{651B62CE-226C-440A-857F-EECE4D2C6E09}.Debug|x86.Build.0 = Debug|Any CPU
		{651B62CE-226C-440A-857F-EECE4D2C6E09}.Release|x64.ActiveCfg = Release|x64
		{651B62CE-226C-440A-857F-EECE4D2C6E09}.Release|x64.Build.0 = Release|x64
		{651B62CE-226C-440A-857F-EECE4D2C6E09}.Release|x86.ActiveCfg = Release|Any CPU
		{651B62CE-226C-440A-857F-EECE4D2C6E09}.Release|x86.Build.0 = Release|Any CPU
		{F8EF0352-C0F0-4DA0-9A81-83BC2EFD1EF5}.Debug|x64.ActiveCfg = Debug|x64
		{F8EF0352-C0F0-4DA0-9A81-83BC2EFD1EF5}.Debug|x64.Build.0 = Debug|x64
		{F8EF0352-C0F0-4DA0-9A81-83BC2EFD1EF5}.Debug|x86.ActiveCfg = Debug|Any CPU
		{F8EF0352-C0F0-4DA0-9A81-83BC2EFD1EF5}.Debug|x86.Build.0 = Debug|Any CPU
		{F8EF0352-C0F0-4DA0-9A81-83BC2EFD1EF5}.Release|x64.ActiveCfg = Release|x64
		{F8EF0352-C0F0-4DA0-9A81-83BC2EFD1EF5}.Release|x64.Build.0 = Release|x64
		{F8EF0352-C0F0-4DA0-9A81-83BC2EFD1EF5}.Release|x86.ActiveCfg = Release|Any CPU
		{F8EF0352-C0F0-4DA0-9A81-83BC2EFD1EF5}.Release|x86.Build.0 = Release|Any CPU
		{E4279B17-44CD-4DAF-9BD1-8CE09FEC908F}.Debug|x64.ActiveCfg = Debug|x64
		{E4279B17-44CD-4DAF-9BD1-8CE09FEC908F}.Debug|x64.Build.0 = Debug|x64
		{E4279B17-44CD-4DAF-9BD1-8CE09FEC908F}.Debug|x86.ActiveCfg = Debug|Any CPU
		{E4279B17-44CD-4DAF-9BD1-8CE09FEC908F}.Debug|x86.Build.0 = Debug|Any CPU
		{E4279B17-44CD-4DAF-9BD1-8CE09FEC908F}.Release|x64.ActiveCfg = Release|x64
		{E4279B17-44CD-4DAF-9BD1-8CE09FEC908F}.Release|x64.Build.0 = Release|x64
		{E4279B17-44CD-4DAF-9BD1-8CE09FEC908F}.Release|x86.ActiveCfg = Release|Any CPU
		{E4279B17-44CD-4DAF-9BD1-8CE09FEC908F}.Release|x86.Build.0 = Release|Any CPU
		{A2DF0A84-0825-4521-BA83-D14F1A22633C}.Debug|x64.ActiveCfg = Debug|x64
		{A2DF0A84-0825-4521-BA83-D14F1A22633C}.Debug|x64.Build.0 = Debug|x64
		{A2DF0A84-0825-4521-BA83-D14F1A22633C}.Debug|x86.ActiveCfg = Debug|Any CPU
		{A2DF0A84-0825-4521-BA83-D14F1A22633C}.Debug|x86.Build.0 = Debug|Any CPU
		{A2DF0A84-0825-4521-BA83-D14F1A22633C}.Release|x64.ActiveCfg = Release|x64
		{A2DF0A84-0825-4521-BA83-D14F1A22633C}.Release|x64.Build.0 = Release|x64
		{A2DF0A84-0825-4521-BA83-D14F1A22633C}.Release|x86.ActiveCfg = Release|Any CPU
		{A2DF0A84-0825-4521-BA83-D14F1A22633C}.Release|x86.Build.0 = Release|Any CPU
		{3EDE8E61-F8E3-4645-A940-337F91A9DF65}.Debug|x64.ActiveCfg = Debug|Win32
		{3EDE8E61-F8E3-4645-A940-337F91A9DF65}.Debug|x86.ActiveCfg = Debug|Win32
		{3EDE8E61-F8E3-4645-A940-337F91A9DF65}.Debug|x86.Build.0 = Debug|Win32
		{3EDE8E61-F8E3-4645-A940-337F91A9DF65}.Release|x64.ActiveCfg = Release|Win32
		{3EDE8E61-F8E3-4645-A940-337F91A9DF65}.Release|x86.ActiveCfg = Release|Win32
		{3EDE8E61-F8E3-4645-A940-337F91A9DF65}.Release|x86.Build.0 = Release|Win32
		{32C0585A-5DB9-457C-9E69-1621BC3547A5}.Debug|x64.ActiveCfg = Debug|Win32
		{32C0585A-5DB9-457C-9E69-1621BC3547A5}.Debug|x86.ActiveCfg = Debug|Win32
		{32C0585A-5DB9-457C-9E69-1621BC3547A5}.Debug|x86.Build.0 = Debug|Win32
		{32C0585A-5DB9-457C-9E69-1621BC3547A5}.Release|x64.ActiveCfg = Release|Win32
		{32C0585A-5DB9-457C-9E69-1621BC3547A5}.Release|x86.ActiveCfg = Release|Win32
		{32C0585A-5DB9-457C-9E69-1621BC3547A5}.Release|x86.Build.0 = Release|Win32
		{6D3D2D02-2D86-4FBF-9CC6-A0D7D37D5BA1}.Debug|x64.ActiveCfg = Debug|x64
		{6D3D2D02-2D86-4FBF-9CC6-A0D7D37D5BA1}.Debug|x64.Build.0 = Debug|x64
		{6D3D2D02-2D86-4FBF-9CC6-A0D7D37D5BA1}.Debug|x86.ActiveCfg = Debug|x86
		{6D3D2D02-2D86-4FBF-9CC6-A0D7D37D5BA1}.Debug|x86.Build.0 = Debug|x86
		{6D3D2D02-2D86-4FBF-9CC6-A0D7D37D5BA1}.Release|x64.ActiveCfg = Release|x64
		{6D3D2D02-2D86-4FBF-9CC6-A0D7D37D5BA1}.Release|x64.Build.0 = Release|x64
		{6D3D2D02-2D86-4FBF-9CC6-A0D7D37D5BA1}.Release|x86.ActiveCfg = Release|x86
		{6D3D2D02-2D86-4FBF-9CC6-A0D7D37D5BA1}.Release|x86.Build.0 = Release|x86
		{3C8E5DBE-F7FA-45A7-B235-58F9BEF33261}.Debug|x64.ActiveCfg = Debug|x64
		{3C8E5DBE-F7FA-45A7-B235-58F9BEF33261}.Debug|x64.Build.0 = Debug|x64
		{3C8E5DBE-F7FA-45A7-B235-58F9BEF33261}.Debug|x86.ActiveCfg = Debug|x86
		{3C8E5DBE-F7FA-45A7-B235-58F9BEF33261}.Debug|x86.Build.0 = Debug|x86
		{3C8E5DBE-F7FA-45A7-B235-58F9BEF33261}.Release|x64.ActiveCfg = Release|x64
		{3C8E5DBE-F7FA-45A7-B235-58F9BEF33261}.Release|x64.Build.0 = Release|x64
		{3C8E5DBE-F7FA-45A7-B235-58F9BEF33261}.Release|x86.ActiveCfg = Release|x86
		{3C8E5DBE-F7FA-45A7-B235-58F9BEF33261}.Release|x86.Build.0 = Release|x86
		{7C4BF868-4B9D-4ECA-BACB-685654BF3DD1}.Debug|x64.ActiveCfg = Debug|x64
		{7C4BF868-4B9D-4ECA-BACB-685654BF3DD1}.Debug|x64.Build.0 = Debug|x64
		{7C4BF868-4B9D-4ECA-BACB-685654BF3DD1}.Debug|x86.ActiveCfg = Debug|x86
		{7C4BF868-4B9D-4ECA-BACB-685654BF3DD1}.Debug|x86.Build.0 = Debug|x86
		{7C4BF868-4B9D-4ECA-BACB-685654BF3DD1}.Release|x64.ActiveCfg = Release|x64
		{7C4BF868-4B9D-4ECA-BACB-685654BF3DD1}.Release|x64.Build.0 = Release|x64
		{7C4BF868-4B9D-4ECA-BACB-685654BF3DD1}.Release|x86.ActiveCfg = Release|x86
		{7C4BF868-4B9D-4ECA-BACB-685654BF3DD1}.Release|x86.Build.0 = Release|x86
		{2C0F05B7-3438-437C-918F-2671287E3BAC}.Debug|x64.ActiveCfg = Debug|Win32
		{2C0F05B7-3438-437C-918F-2671287E3BAC}.Debug|x86.ActiveCfg = Debug|Win32
		{2C0F05B7-3438-437C-918F-2671287E3BAC}.Debug|x86.Build.0 = Debug|Win32
		{2C0F05B7-3438-437C-918F-2671287E3BAC}.Release|x64.ActiveCfg = Release|Win32
		{2C0F05B7-3438-437C-918F-2671287E3BAC}.Release|x86.ActiveCfg = Release|Win32
		{2C0F05B7-3438-437C-918F-2671287E3BAC}.Release|x86.Build.0 = Release|Win32
		{F82B8B4A-F941-4817-BB2B-030FDF3F1775}.Debug|x64.ActiveCfg = Debug|x64
		{F82B8B4A-F941-4817-BB2B-030FDF3F1775}.Debug|x64.Build.0 = Debug|x64
		{F82B8B4A-F941-4817-BB2B-030FDF3F1775}.Debug|x86.ActiveCfg = Debug|x64
		{F82B8B4A-F941-4817-BB2B-030FDF3F1775}.Debug|x86.Build.0 = Debug|x64
		{F82B8B4A-F941-4817-BB2B-030FDF3F1775}.Release|x64.ActiveCfg = Release|x64
		{F82B8B4A-F941-4817-BB2B-030FDF3F1775}.Release|x64.Build.0 = Release|x64
		{F82B8B4A-F941-4817-BB2B-030FDF3F1775}.Release|x86.ActiveCfg = Release|x64
		{F82B8B4A-F941-4817-BB2B-030FDF3F1775}.Release|x86.Build.0 = Release|x64
		{9E97397B-7D7A-4D61-96A5-DD561392642E}.Debug|x64.ActiveCfg = Debug|x64
		{9E97397B-7D7A-4D61-96A5-DD561392642E}.Debug|x64.Build.0 = Debug|x64
		{9E97397B-7D7A-4D61-96A5-DD561392642E}.Debug|x86.ActiveCfg = Debug|x86
		{9E97397B-7D7A-4D61-96A5-DD561392642E}.Debug|x86.Build.0 = Debug|x86
		{9E97397B-7D7A-4D61-96A5-DD561392642E}.Release|x64.ActiveCfg = Release|x64
		{9E97397B-7D7A-4D61-96A5-DD561392642E}.Release|x64.Build.0 = Release|x64
		{9E97397B-7D7A-4D61-96A5-DD561392642E}.Release|x86.ActiveCfg = Release|x86
		{9E97397B-7D7A-4D61-96A5-DD561392642E}.Release|x86.Build.0 = Release|x86
		{13031697-54EA-4F2C-89DB-F1A314976839}.Debug|x64.ActiveCfg = Debug|x64
		{13031697-54EA-4F2C-89DB-F1A314976839}.Debug|x64.Build.0 = Debug|x64
		{13031697-54EA-4F2C-89DB-F1A314976839}.Debug|x86.ActiveCfg = Debug|x86
		{13031697-54EA-4F2C-89DB-F1A314976839}.Debug|x86.Build.0 = Debug|x86
		{13031697-54EA-4F2C-89DB-F1A314976839}.Release|x64.ActiveCfg = Release|x64
		{13031697-54EA-4F2C-89DB-F1A314976839}.Release|x64.Build.0 = Release|x64
		{13031697-54EA-4F2C-89DB-F1A314976839}.Release|x86.ActiveCfg = Release|x86
		{13031697-54EA-4F2C-89DB-F1A314976839}.Release|x86.Build.0 = Release|x86
		{837E39A8-4379-4DEB-9889-7369EA7771BB}.Debug|x64.ActiveCfg = Debug|x64
		{837E39A8-4379-4DEB-9889-7369EA7771BB}.Debug|x64.Build.0 = Debug|x64
		{837E39A8-4379-4DEB-9889-7369EA7771BB}.Debug|x86.ActiveCfg = Debug|Win32
		{837E39A8-4379-4DEB-9889-7369EA7771BB}.Debug|x86.Build.0 = Debug|Win32
		{837E39A8-4379-4DEB-9889-7369EA7771BB}.Release|x64.ActiveCfg = Release|x64
		{837E39A8-4379-4DEB-9889-7369EA7771BB}.Release|x64.Build.0 = Release|x64
		{837E39A8-4379-4DEB-9889-7369EA7771BB}.Release|x86.ActiveCfg = Release|Win32
		{837E39A8-4379-4DEB-9889-7369EA7771BB}.Release|x86.Build.0 = Release|Win32
	EndGlobalSection
	GlobalSection(SolutionProperties) = preSolution
		HideSolutionNode = FALSE
	EndGlobalSection
	GlobalSection(ExtensibilityGlobals) = postSolution
		SolutionGuid = {F691EEB2-A752-4515-9BE2-71B82831DADD}
	EndGlobalSection
EndGlobal
